
Microsoft Visual Studio Solution File, Format Version 12.00
# Visual Studio Version 17
VisualStudioVersion = 17.9.34622.214
MinimumVisualStudioVersion = 10.0.40219.1
Project("{FAE04EC0-301F-11D3-BF4B-00C04F79EFBC}") = "lista-de-tarefas-api", "lista-de-tarefas-api\lista-de-tarefas-api.csproj", "{A74EDD69-84EE-4020-A2D5-66F6A7618DA9}"
EndProject
Global
	GlobalSection(SolutionConfigurationPlatforms) = preSolution
		Debug|Any CPU = Debug|Any CPU
		Release|Any CPU = Release|Any CPU
	EndGlobalSection
	GlobalSection(ProjectConfigurationPlatforms) = postSolution
		{A74EDD69-84EE-4020-A2D5-66F6A7618DA9}.Debug|Any CPU.ActiveCfg = Debug|Any CPU
		{A74EDD69-84EE-4020-A2D5-66F6A7618DA9}.Debug|Any CPU.Build.0 = Debug|Any CPU
		{A74EDD69-84EE-4020-A2D5-66F6A7618DA9}.Release|Any CPU.ActiveCfg = Release|Any CPU
		{A74EDD69-84EE-4020-A2D5-66F6A7618DA9}.Release|Any CPU.Build.0 = Release|Any CPU
	EndGlobalSection
	GlobalSection(SolutionProperties) = preSolution
		HideSolutionNode = FALSE
	EndGlobalSection
	GlobalSection(ExtensibilityGlobals) = postSolution
		SolutionGuid = {89F82474-5F00-436F-BB66-E7B6F037C697}
	EndGlobalSection
EndGlobal
